github.com/KonjacBot/go-mc v0.0.0-20260303110648-e4aab80788cf h1:muAFBzkLOKVbNDD/rFeLryq/vIz45bKXii7x/AVkP6U=
github.com/KonjacBot/go-mc v0.0.0-20260303110648-e4aab80788cf/go.mod h1:f0+5qgwpQP70Ft4gQe/t02fyPc0NEZHC6AWc8DUyIh0=
github.com/KonjacBot/go-mc v0.0.0-20260628160132-0905d4af19c2 h1:HrDmMfXo5EUT7T3X2Nz3WCFwDNi/mmPwYTGp+wxXnNQ=
github.com/KonjacBot/go-mc v0.0.0-20260628160132-0905d4af19c2/go.mod h1:f0+5qgwpQP70Ft4gQe/t02fyPc0NEZHC6AWc8DUyIh0=
github.com/KonjacBot/go-mc v0.0.0-20260628222734-f77de056b9f2 h1:vbyQqkbndRgFwVS/MHYT5K6C8XgezHCyU6JMas8+jyY=
github.com/KonjacBot/go-mc v0.0.0-20260628222734-f77de056b9f2/go.mod h1:f0+5qgwpQP70Ft4gQe/t02fyPc0NEZHC6AWc8DUyIh0=
github.com/KonjacBot/go-mc v0.0.0-20260628222915-717366de7958 h1:QvxdFo6BV4APpbPudO9Eq7pvwSTU8aTGYca5nhVT85w=
github.com/KonjacBot/go-mc v0.0.0-20260628222915-717366de7958/go.mod h1:f0+5qgwpQP70Ft4gQe/t02fyPc0NEZHC6AWc8DUyIh0=
github.com/go-gl/mathgl v1.2.0 h1:v2eOj/y1B2afDxF6URV1qCYmo1KW08lAMtTbOn3KXCY=
github.com/go-gl/mathgl v1.2.0/go.mod h1:pf9+b5J3LFP7iZ4XXaVzZrCle0Q/vNpB/vDe5+3ulRE=
github.com/google/uuid v1.6.0 h1:NIvaJDMOsjHA8n1jAhLSgzrAzy1Hgr+hNrb57e+94F0=
github.com/google/uuid v1.6.0/go.mod h1:TIyPZe4MgqvfeYDBFedMoGGpEw/LqOeaOT+nhxU+yHo=
golang.org/x/exp v0.0.0-20250819193227-8b4c13bb791b h1:DXr+pvt3nC887026GRP39Ej11UATqWDmWuS99x26cD0=
golang.org/x/exp v0.0.0-20250819193227-8b4c13bb791b/go.mod h1:4QTo5u+SEIbbKW1RacMZq1YEfOBqeXa19JeshGi+zc4=
golang.org/x/net v0.43.0 h1:lat02VYK2j4aLzMzecihNvTlJNQUq316m2Mr9rnM6YE=
golang.org/x/net v0.43.0/go.mod h1:vhO1fvI4dGsIjh73sWfUVjj3N7CA9WkKJNQm2svM6Jg=
golang.org/x/sync v0.16.0 h1:ycBJEhp9p4vXvUZNszeOq0kGTPghopOL8q0fq3vstxw=
golang.org/x/sync v0.16.0/go.mod h1:1dzgHSNfp02xaA81J2MS99Qcpr2w7fw1gpm99rleRqA=
